
Microsoft Visual Studio Solution File, Format Version 12.00
# Visual Studio Version 17
VisualStudioVersion = 17.4.33213.308
MinimumVisualStudioVersion = 10.0.40219.1
Project("{FAE04EC0-301F-11D3-BF4B-00C04F79EFBC}") = "ShoppingCart", "ShoppingCart\ShoppingCart.csproj", "{3C439E94-37DC-48F4-B0C6-0E7EF48CF001}"
EndProject
Global
	GlobalSection(SolutionConfigurationPlatforms) = preSolution
		Debug|Any CPU = Debug|Any CPU
		Release|Any CPU = Release|Any CPU
	EndGlobalSection
	GlobalSection(ProjectConfigurationPlatforms) = postSolution
		{3C439E94-37DC-48F4-B0C6-0E7EF48CF001}.Debug|Any CPU.ActiveCfg = Debug|Any CPU
		{3C439E94-37DC-48F4-B0C6-0E7EF48CF001}.Debug|Any CPU.Build.0 = Debug|Any CPU
		{3C439E94-37DC-48F4-B0C6-0E7EF48CF001}.Release|Any CPU.ActiveCfg = Release|Any CPU
		{3C439E94-37DC-48F4-B0C6-0E7EF48CF001}.Release|Any CPU.Build.0 = Release|Any CPU
	EndGlobalSection
	GlobalSection(SolutionProperties) = preSolution
		HideSolutionNode = FALSE
	EndGlobalSection
	GlobalSection(ExtensibilityGlobals) = postSolution
		SolutionGuid = {2C206483-4BA9-4603-B6A5-E48A914C8219}
	EndGlobalSection
EndGlobal
